
Microsoft Visual Studio Solution File, Format Version 12.00
# Visual Studio 15
VisualStudioVersion = 15.0.27130.2036
MinimumVisualStudioVersion = 10.0.40219.1
Project("{FAE04EC0-301F-11D3-BF4B-00C04F79EFBC}") = "Serializacion", "Serializacion\Serializacion.csproj", "{1832B777-C319-4D70-8AB0-C23F1D78677B}"
EndProject
Global
	GlobalSection(SolutionConfigurationPlatforms) = preSolution
		Debug|Any CPU = Debug|Any CPU
		Release|Any CPU = Release|Any CPU
	EndGlobalSection
	GlobalSection(ProjectConfigurationPlatforms) = postSolution
		{1832B777-C319-4D70-8AB0-C23F1D78677B}.Debug|Any CPU.ActiveCfg = Debug|Any CPU
		{1832B777-C319-4D70-8AB0-C23F1D78677B}.Debug|Any CPU.Build.0 = Debug|Any CPU
		{1832B777-C319-4D70-8AB0-C23F1D78677B}.Release|Any CPU.ActiveCfg = Release|Any CPU
		{1832B777-C319-4D70-8AB0-C23F1D78677B}.Release|Any CPU.Build.0 = Release|Any CPU
	EndGlobalSection
	GlobalSection(SolutionProperties) = preSolution
		HideSolutionNode = FALSE
	EndGlobalSection
	GlobalSection(ExtensibilityGlobals) = postSolution
		SolutionGuid = {74A788C8-3BBD-4E82-B866-2F600D52D014}
	EndGlobalSection
EndGlobal
